
Microsoft Visual Studio Solution File, Format Version 12.00
# Visual Studio Version 17
VisualStudioVersion = 17.5.33627.172
MinimumVisualStudioVersion = 10.0.40219.1
Project("{9A19103F-16F7-4668-BE54-9A1E7A4F7556}") = "YildizSistemi.DataAccessLayer", "YildizSistemi.DataAccessLayer\YildizSistemi.DataAccessLayer.csproj", "{A08962F5-29FB-4F39-B5C5-8088B3E08950}"
EndProject
Project("{9A19103F-16F7-4668-BE54-9A1E7A4F7556}") = "YildizSistemi.BusinessLogicLayer", "YildizSistemi.BusinessLogicLayer\YildizSistemi.BusinessLogicLayer.csproj", "{C4004725-4733-4CC3-BCD3-EF5E33A479FB}"
	ProjectSection(ProjectDependencies) = postProject
		{A08962F5-29FB-4F39-B5C5-8088B3E08950} = {A08962F5-29FB-4F39-B5C5-8088B3E08950}
	EndProjectSection
EndProject
Project("{9A19103F-16F7-4668-BE54-9A1E7A4F7556}") = "YildizSistemi.PresentationLayer", "YildizSistemi.PresentationLayer\YildizSistemi.PresentationLayer.csproj", "{4AFF2F4D-5423-478E-853A-CE6A14B28144}"
	ProjectSection(ProjectDependencies) = postProject
		{C4004725-4733-4CC3-BCD3-EF5E33A479FB} = {C4004725-4733-4CC3-BCD3-EF5E33A479FB}
	EndProjectSection
EndProject
Global
	GlobalSection(SolutionConfigurationPlatforms) = preSolution
		Debug|Any CPU = Debug|Any CPU
		Release|Any CPU = Release|Any CPU
	EndGlobalSection
	GlobalSection(ProjectConfigurationPlatforms) = postSolution
		{A08962F5-29FB-4F39-B5C5-8088B3E08950}.Debug|Any CPU.ActiveCfg = Debug|Any CPU
		{A08962F5-29FB-4F39-B5C5-8088B3E08950}.Debug|Any CPU.Build.0 = Debug|Any CPU
		{A08962F5-29FB-4F39-B5C5-8088B3E08950}.Release|Any CPU.ActiveCfg = Release|Any CPU
		{A08962F5-29FB-4F39-B5C5-8088B3E08950}.Release|Any CPU.Build.0 = Release|Any CPU
		{C4004725-4733-4CC3-BCD3-EF5E33A479FB}.Debug|Any CPU.ActiveCfg = Debug|Any CPU
		{C4004725-4733-4CC3-BCD3-EF5E33A479FB}.Debug|Any CPU.Build.0 = Debug|Any CPU
		{C4004725-4733-4CC3-BCD3-EF5E33A479FB}.Release|Any CPU.ActiveCfg = Release|Any CPU
		{C4004725-4733-4CC3-BCD3-EF5E33A479FB}.Release|Any CPU.Build.0 = Release|Any CPU
		{4AFF2F4D-5423-478E-853A-CE6A14B28144}.Debug|Any CPU.ActiveCfg = Debug|Any CPU
		{4AFF2F4D-5423-478E-853A-CE6A14B28144}.Debug|Any CPU.Build.0 = Debug|Any CPU
		{4AFF2F4D-5423-478E-853A-CE6A14B28144}.Release|Any CPU.ActiveCfg = Release|Any CPU
		{4AFF2F4D-5423-478E-853A-CE6A14B28144}.Release|Any CPU.Build.0 = Release|Any CPU
	EndGlobalSection
	GlobalSection(SolutionProperties) = preSolution
		HideSolutionNode = FALSE
	EndGlobalSection
	GlobalSection(ExtensibilityGlobals) = postSolution
		SolutionGuid = {122433F0-C6C6-472E-B9FF-6E3C0345A1FC}
	EndGlobalSection
EndGlobal
